
Microsoft Visual Studio Solution File, Format Version 12.00
# Visual Studio Version 17
VisualStudioVersion = 17.0.31903.59
MinimumVisualStudioVersion = 10.0.40219.1
Project("{FAE04EC0-301F-11D3-BF4B-00C04F79EFBC}") = "Application", "Application\Application.csproj", "{7244569C-5FF6-45BE-9B36-1B4BE16E0B3C}"
EndProject
Project("{FAE04EC0-301F-11D3-BF4B-00C04F79EFBC}") = "Device.Domain", "Device.Domain\Device.Domain.csproj", "{3B1F8920-AD47-49F5-BF34-192A6D84D797}"
EndProject
Project("{FAE04EC0-301F-11D3-BF4B-00C04F79EFBC}") = "Device.Grpc", "Device.Grpc\Device.Grpc.csproj", "{A5A5ECC7-7885-41D3-B693-CF8D87604DB8}"
EndProject
Global
	GlobalSection(SolutionConfigurationPlatforms) = preSolution
		Debug|Any CPU = Debug|Any CPU
		Release|Any CPU = Release|Any CPU
	EndGlobalSection
	GlobalSection(SolutionProperties) = preSolution
		HideSolutionNode = FALSE
	EndGlobalSection
	GlobalSection(ProjectConfigurationPlatforms) = postSolution
		{7244569C-5FF6-45BE-9B36-1B4BE16E0B3C}.Debug|Any CPU.ActiveCfg = Debug|Any CPU
		{7244569C-5FF6-45BE-9B36-1B4BE16E0B3C}.Debug|Any CPU.Build.0 = Debug|Any CPU
		{7244569C-5FF6-45BE-9B36-1B4BE16E0B3C}.Release|Any CPU.ActiveCfg = Release|Any CPU
		{7244569C-5FF6-45BE-9B36-1B4BE16E0B3C}.Release|Any CPU.Build.0 = Release|Any CPU
		{3B1F8920-AD47-49F5-BF34-192A6D84D797}.Debug|Any CPU.ActiveCfg = Debug|Any CPU
		{3B1F8920-AD47-49F5-BF34-192A6D84D797}.Debug|Any CPU.Build.0 = Debug|Any CPU
		{3B1F8920-AD47-49F5-BF34-192A6D84D797}.Release|Any CPU.ActiveCfg = Release|Any CPU
		{3B1F8920-AD47-49F5-BF34-192A6D84D797}.Release|Any CPU.Build.0 = Release|Any CPU
		{A5A5ECC7-7885-41D3-B693-CF8D87604DB8}.Debug|Any CPU.ActiveCfg = Debug|Any CPU
		{A5A5ECC7-7885-41D3-B693-CF8D87604DB8}.Debug|Any CPU.Build.0 = Debug|Any CPU
		{A5A5ECC7-7885-41D3-B693-CF8D87604DB8}.Release|Any CPU.ActiveCfg = Release|Any CPU
		{A5A5ECC7-7885-41D3-B693-CF8D87604DB8}.Release|Any CPU.Build.0 = Release|Any CPU
	EndGlobalSection
EndGlobal
